
Microsoft Visual Studio Solution File, Format Version 12.00
# Visual Studio Version 17
VisualStudioVersion = 17.13.35825.156
MinimumVisualStudioVersion = 10.0.40219.1
Project("{FAE04EC0-301F-11D3-BF4B-00C04F79EFBC}") = "PacificKnitDivisionWebPortal", "PacificKnitDivisionWebPortal\PacificKnitDivisionWebPortal.csproj", "{137ECB8E-2F2C-4C42-BE7B-E9C17D00E830}"
EndProject
Global
	GlobalSection(SolutionConfigurationPlatforms) = preSolution
		Debug|Any CPU = Debug|Any CPU
		Release|Any CPU = Release|Any CPU
	EndGlobalSection
	GlobalSection(ProjectConfigurationPlatforms) = postSolution
		{137ECB8E-2F2C-4C42-BE7B-E9C17D00E830}.Debug|Any CPU.ActiveCfg = Debug|Any CPU
		{137ECB8E-2F2C-4C42-BE7B-E9C17D00E830}.Debug|Any CPU.Build.0 = Debug|Any CPU
		{137ECB8E-2F2C-4C42-BE7B-E9C17D00E830}.Release|Any CPU.ActiveCfg = Release|Any CPU
		{137ECB8E-2F2C-4C42-BE7B-E9C17D00E830}.Release|Any CPU.Build.0 = Release|Any CPU
	EndGlobalSection
	GlobalSection(SolutionProperties) = preSolution
		HideSolutionNode = FALSE
	EndGlobalSection
	GlobalSection(ExtensibilityGlobals) = postSolution
		SolutionGuid = {B5A6912A-4601-43C3-9780-B280CDDF4B80}
	EndGlobalSection
EndGlobal
